// !$*UTF8*$!
{
	archiveVersion = 1;
	classes = {
	};
	objectVersion = 46;
	objects = {

/* Begin PBXBuildFile section */
		014C634C1C9A49FB00EDA26B /* AppDelegate.swift in Sources */ = {isa = PBXBuildFile; fileRef = 014C634B1C9A49FB00EDA26B /* AppDelegate.swift */; };
		014C634E1C9A49FB00EDA26B /* SelectionViewController.swift in Sources */ = {isa = PBXBuildFile; fileRef = 014C634D1C9A49FB00EDA26B /* SelectionViewController.swift */; };
		014C63531C9A49FB00EDA26B /* Assets.xcassets in Resources */ = {isa = PBXBuildFile; fileRef = 014C63521C9A49FB00EDA26B /* Assets.xcassets */; };
		014C63561C9A49FB00EDA26B /* LaunchScreen.storyboard in Resources */ = {isa = PBXBuildFile; fileRef = 014C63541C9A49FB00EDA26B /* LaunchScreen.storyboard */; };
		014C63611C9A49FC00EDA26B /* toe_remoteTests.swift in Sources */ = {isa = PBXBuildFile; fileRef = 014C63601C9A49FC00EDA26B /* toe_remoteTests.swift */; };
		014C636C1C9A49FC00EDA26B /* toe_remoteUITests.swift in Sources */ = {isa = PBXBuildFile; fileRef = 014C636B1C9A49FC00EDA26B /* toe_remoteUITests.swift */; };
		014C637A1C9A504B00EDA26B /* DeviceViewController.swift in Sources */ = {isa = PBXBuildFile; fileRef = 014C63791C9A504B00EDA26B /* DeviceViewController.swift */; };
		014C637E1C9A515400EDA26B /* BLE.swift in Sources */ = {isa = PBXBuildFile; fileRef = 014C637D1C9A515400EDA26B /* BLE.swift */; };
		014C64351C9DCE0900EDA26B /* ButtonLayout.swift in Sources */ = {isa = PBXBuildFile; fileRef = 014C64341C9DCE0900EDA26B /* ButtonLayout.swift */; };
/* End PBXBuildFile section */

/* Begin PBXContainerItemProxy section */
		014C635D1C9A49FC00EDA26B /* PBXContainerItemProxy */ = {
			isa = PBXContainerItemProxy;
			containerPortal = 014C63401C9A49FB00EDA26B /* Project object */;
			proxyType = 1;
			remoteGlobalIDString = 014C63471C9A49FB00EDA26B;
			remoteInfo = "toe-remote";
		};
		014C63681C9A49FC00EDA26B /* PBXContainerItemProxy */ = {
			isa = PBXContainerItemProxy;
			containerPortal = 014C63401C9A49FB00EDA26B /* Project object */;
			proxyType = 1;
			remoteGlobalIDString = 014C63471C9A49FB00EDA26B;
			remoteInfo = "toe-remote";
		};
/* End PBXContainerItemProxy section */

/* Begin PBXFileReference section */
		014C63481C9A49FB00EDA26B /* toe-remote.app */ = {isa = PBXFileReference; explicitFileType = wrapper.application; includeInIndex = 0; path = "toe-remote.app"; sourceTree = BUILT_PRODUCTS_DIR; };
		014C634B1C9A49FB00EDA26B /* AppDelegate.swift */ = {isa = PBXFileReference; lastKnownFileType = sourcecode.swift; path = AppDelegate.swift; sourceTree = "<group>"; };
		014C634D1C9A49FB00EDA26B /* SelectionViewController.swift */ = {isa = PBXFileReference; lastKnownFileType = sourcecode.swift; path = SelectionViewController.swift; sourceTree = "<group>"; };
		014C63521C9A49FB00EDA26B /* Assets.xcassets */ = {isa = PBXFileReference; lastKnownFileType = folder.assetcatalog; path = Assets.xcassets; sourceTree = "<group>"; };
		014C63551C9A49FB00EDA26B /* Base */ = {isa = PBXFileReference; lastKnownFileType = file.storyboard; name = Base; path = Base.lproj/LaunchScreen.storyboard; sourceTree = "<group>"; };
		014C63571C9A49FB00EDA26B /* Info.plist */ = {isa = PBXFileReference; lastKnownFileType = text.plist.xml; path = Info.plist; sourceTree = "<group>"; };
		014C635C1C9A49FC00EDA26B /* toe-remoteTests.xctest */ = {isa = PBXFileReference; explicitFileType = wrapper.cfbundle; includeInIndex = 0; path = "toe-remoteTests.xctest"; sourceTree = BUILT_PRODUCTS_DIR; };
		014C63601C9A49FC00EDA26B /* toe_remoteTests.swift */ = {isa = PBXFileReference; lastKnownFileType = sourcecode.swift; path = toe_remoteTests.swift; sourceTree = "<group>"; };
		014C63621C9A49FC00EDA26B /* Info.plist */ = {isa = PBXFileReference; lastKnownFileType = text.plist.xml; path = Info.plist; sourceTree = "<group>"; };
		014C63671C9A49FC00EDA26B /* toe-remoteUITests.xctest */ = {isa = PBXFileReference; explicitFileType = wrapper.cfbundle; includeInIndex = 0; path = "toe-remoteUITests.xctest"; sourceTree = BUILT_PRODUCTS_DIR; };
		014C636B1C9A49FC00EDA26B /* toe_remoteUITests.swift */ = {isa = PBXFileReference; lastKnownFileType = sourcecode.swift; path = toe_remoteUITests.swift; sourceTree = "<group>"; };
		014C636D1C9A49FC00EDA26B /* Info.plist */ = {isa = PBXFileReference; lastKnownFileType = text.plist.xml; path = Info.plist; sourceTree = "<group>"; };
		014C63791C9A504B00EDA26B /* DeviceViewController.swift */ = {isa = PBXFileReference; fileEncoding = 4; lastKnownFileType = sourcecode.swift; path = DeviceViewController.swift; sourceTree = "<group>"; };
		014C637D1C9A515400EDA26B /* BLE.swift */ = {isa = PBXFileReference; fileEncoding = 4; lastKnownFileType = sourcecode.swift; path = BLE.swift; sourceTree = "<group>"; };
		014C64341C9DCE0900EDA26B /* ButtonLayout.swift */ = {isa = PBXFileReference; fileEncoding = 4; lastKnownFileType = sourcecode.swift; path = ButtonLayout.swift; sourceTree = "<group>"; };
/* End PBXFileReference section */

/* Begin PBXFrameworksBuildPhase section */
		014C63451C9A49FB00EDA26B /* Frameworks */ = {
			isa = PBXFrameworksBuildPhase;
			buildActionMask = 2147483647;
			files = (
			);
			runOnlyForDeploymentPostprocessing = 0;
		};
		014C63591C9A49FC00EDA26B /* Frameworks */ = {
			isa = PBXFrameworksBuildPhase;
			buildActionMask = 2147483647;
			files = (
			);
			runOnlyForDeploymentPostprocessing = 0;
		};
		014C63641C9A49FC00EDA26B /* Frameworks */ = {
			isa = PBXFrameworksBuildPhase;
			buildActionMask = 2147483647;
			files = (
			);
			runOnlyForDeploymentPostprocessing = 0;
		};
/* End PBXFrameworksBuildPhase section */

/* Begin PBXGroup section */
		014C633F1C9A49FB00EDA26B = {
			isa = PBXGroup;
			children = (
				014C634A1C9A49FB00EDA26B /* toe-remote */,
				014C635F1C9A49FC00EDA26B /* toe-remoteTests */,
				014C636A1C9A49FC00EDA26B /* toe-remoteUITests */,
				014C63491C9A49FB00EDA26B /* Products */,
			);
			sourceTree = "<group>";
		};
		014C63491C9A49FB00EDA26B /* Products */ = {
			isa = PBXGroup;
			children = (
				014C63481C9A49FB00EDA26B /* toe-remote.app */,
				014C635C1C9A49FC00EDA26B /* toe-remoteTests.xctest */,
				014C63671C9A49FC00EDA26B /* toe-remoteUITests.xctest */,
			);
			name = Products;
			sourceTree = "<group>";
		};
		014C634A1C9A49FB00EDA26B /* toe-remote */ = {
			isa = PBXGroup;
			children = (
				014C637D1C9A515400EDA26B /* BLE.swift */,
				014C634B1C9A49FB00EDA26B /* AppDelegate.swift */,
				014C634D1C9A49FB00EDA26B /* SelectionViewController.swift */,
				014C64341C9DCE0900EDA26B /* ButtonLayout.swift */,
				014C63791C9A504B00EDA26B /* DeviceViewController.swift */,
				014C63521C9A49FB00EDA26B /* Assets.xcassets */,
				014C63541C9A49FB00EDA26B /* LaunchScreen.storyboard */,
				014C63571C9A49FB00EDA26B /* Info.plist */,
			);
			path = "toe-remote";
			sourceTree = "<group>";
		};
		014C635F1C9A49FC00EDA26B /* toe-remoteTests */ = {
			isa = PBXGroup;
			children = (
				014C63601C9A49FC00EDA26B /* toe_remoteTests.swift */,
				014C63621C9A49FC00EDA26B /* Info.plist */,
			);
			path = "toe-remoteTests";
			sourceTree = "<group>";
		};
		014C636A1C9A49FC00EDA26B /* toe-remoteUITests */ = {
			isa = PBXGroup;
			children = (
				014C636B1C9A49FC00EDA26B /* toe_remoteUITests.swift */,
				014C636D1C9A49FC00EDA26B /* Info.plist */,
			);
			path = "toe-remoteUITests";
			sourceTree = "<group>";
		};
/* End PBXGroup section */

/* Begin PBXNativeTarget section */
		014C63471C9A49FB00EDA26B /* toe-remote */ = {
			isa = PBXNativeTarget;
			buildConfigurationList = 014C63701C9A49FC00EDA26B /* Build configuration list for PBXNativeTarget "toe-remote" */;
			buildPhases = (
				014C63441C9A49FB00EDA26B /* Sources */,
				014C63451C9A49FB00EDA26B /* Frameworks */,
				014C63461C9A49FB00EDA26B /* Resources */,
			);
			buildRules = (
			);
			dependencies = (
			);
			name = "toe-remote";
			productName = "toe-remote";
			productReference = 014C63481C9A49FB00EDA26B /* toe-remote.app */;
			productType = "com.apple.product-type.application";
		};
		014C635B1C9A49FC00EDA26B /* toe-remoteTests */ = {
			isa = PBXNativeTarget;
			buildConfigurationList = 014C63731C9A49FC00EDA26B /* Build configuration list for PBXNativeTarget "toe-remoteTests" */;
			buildPhases = (
				014C63581C9A49FC00EDA26B /* Sources */,
				014C63591C9A49FC00EDA26B /* Frameworks */,
				014C635A1C9A49FC00EDA26B /* Resources */,
			);
			buildRules = (
			);
			dependencies = (
				014C635E1C9A49FC00EDA26B /* PBXTargetDependency */,
			);
			name = "toe-remoteTests";
			productName = "toe-remoteTests";
			productReference = 014C635C1C9A49FC00EDA26B /* toe-remoteTests.xctest */;
			productType = "com.apple.product-type.bundle.unit-test";
		};
		014C63661C9A49FC00EDA26B /* toe-remoteUITests */ = {
			isa = PBXNativeTarget;
			buildConfigurationList = 014C63761C9A49FC00EDA26B /* Build configuration list for PBXNativeTarget "toe-remoteUITests" */;
			buildPhases = (
				014C63631C9A49FC00EDA26B /* Sources */,
				014C63641C9A49FC00EDA26B /* Frameworks */,
				014C63651C9A49FC00EDA26B /* Resources */,
			);
			buildRules = (
			);
			dependencies = (
				014C63691C9A49FC00EDA26B /* PBXTargetDependency */,
			);
			name = "toe-remoteUITests";
			productName = "toe-remoteUITests";
			productReference = 014C63671C9A49FC00EDA26B /* toe-remoteUITests.xctest */;
			productType = "com.apple.product-type.bundle.ui-testing";
		};
/* End PBXNativeTarget section */

/* Begin PBXProject section */
		014C63401C9A49FB00EDA26B /* Project object */ = {
			isa = PBXProject;
			attributes = {
				LastSwiftUpdateCheck = 0720;
				LastUpgradeCheck = 0720;
				ORGANIZATIONNAME = eecs481;
				TargetAttributes = {
					014C63471C9A49FB00EDA26B = {
						CreatedOnToolsVersion = 7.2.1;
						DevelopmentTeam = PN4LD8V83J;
					};
					014C635B1C9A49FC00EDA26B = {
						CreatedOnToolsVersion = 7.2.1;
						DevelopmentTeam = PN4LD8V83J;
						TestTargetID = 014C63471C9A49FB00EDA26B;
					};
					014C63661C9A49FC00EDA26B = {
						CreatedOnToolsVersion = 7.2.1;
						DevelopmentTeam = PN4LD8V83J;
						TestTargetID = 014C63471C9A49FB00EDA26B;
					};
				};
			};
			buildConfigurationList = 014C63431C9A49FB00EDA26B /* Build configuration list for PBXProject "toe-remote" */;
			compatibilityVersion = "Xcode 3.2";
			developmentRegion = English;
			hasScannedForEncodings = 0;
			knownRegions = (
				en,
				Base,
			);
			mainGroup = 014C633F1C9A49FB00EDA26B;
			productRefGroup = 014C63491C9A49FB00EDA26B /* Products */;
			projectDirPath = "";
			projectRoot = "";
			targets = (
				014C63471C9A49FB00EDA26B /* toe-remote */,
				014C635B1C9A49FC00EDA26B /* toe-remoteTests */,
				014C63661C9A49FC00EDA26B /* toe-remoteUITests */,
			);
		};
/* End PBXProject section */

/* Begin PBXResourcesBuildPhase section */
		014C63461C9A49FB00EDA26B /* Resources */ = {
			isa = PBXResourcesBuildPhase;
			buildActionMask = 2147483647;
			files = (
				014C63561C9A49FB00EDA26B /* LaunchScreen.storyboard in Resources */,
				014C63531C9A49FB00EDA26B /* Assets.xcassets in Resources */,
			);
			runOnlyForDeploymentPostprocessing = 0;
		};
		014C635A1C9A49FC00EDA26B /* Resources */ = {
			isa = PBXResourcesBuildPhase;
			buildActionMask = 2147483647;
			files = (
			);
			runOnlyForDeploymentPostprocessing = 0;
		};
		014C63651C9A49FC00EDA26B /* Resources */ = {
			isa = PBXResourcesBuildPhase;
			buildActionMask = 2147483647;
			files = (
			);
			runOnlyForDeploymentPostprocessing = 0;
		};
/* End PBXResourcesBuildPhase section */

/* Begin PBXSourcesBuildPhase section */
		014C63441C9A49FB00EDA26B /* Sources */ = {
			isa = PBXSourcesBuildPhase;
			buildActionMask = 2147483647;
			files = (
				014C634E1C9A49FB00EDA26B /* SelectionViewController.swift in Sources */,
				014C634C1C9A49FB00EDA26B /* AppDelegate.swift in Sources */,
				014C64351C9DCE0900EDA26B /* ButtonLayout.swift in Sources */,
				014C637A1C9A504B00EDA26B /* DeviceViewController.swift in Sources */,
				014C637E1C9A515400EDA26B /* BLE.swift in Sources */,
			);
			runOnlyForDeploymentPostprocessing = 0;
		};
		014C63581C9A49FC00EDA26B /* Sources */ = {
			isa = PBXSourcesBuildPhase;
			buildActionMask = 2147483647;
			files = (
				014C63611C9A49FC00EDA26B /* toe_remoteTests.swift in Sources */,
			);
			runOnlyForDeploymentPostprocessing = 0;
		};
		014C63631C9A49FC00EDA26B /* Sources */ = {
			isa = PBXSourcesBuildPhase;
			buildActionMask = 2147483647;
			files = (
				014C636C1C9A49FC00EDA26B /* toe_remoteUITests.swift in Sources */,
			);
			runOnlyForDeploymentPostprocessing = 0;
		};
/* End PBXSourcesBuildPhase section */

/* Begin PBXTargetDependency section */
		014C635E1C9A49FC00EDA26B /* PBXTargetDependency */ = {
			isa = PBXTargetDependency;
			target = 014C63471C9A49FB00EDA26B /* toe-remote */;
			targetProxy = 014C635D1C9A49FC00EDA26B /* PBXContainerItemProxy */;
		};
		014C63691C9A49FC00EDA26B /* PBXTargetDependency */ = {
			isa = PBXTargetDependency;
			target = 014C63471C9A49FB00EDA26B /* toe-remote */;
			targetProxy = 014C63681C9A49FC00EDA26B /* PBXContainerItemProxy */;
		};
/* End PBXTargetDependency section */

/* Begin PBXVariantGroup section */
		014C63541C9A49FB00EDA26B /* LaunchScreen.storyboard */ = {
			isa = PBXVariantGroup;
			children = (
				014C63551C9A49FB00EDA26B /* Base */,
			);
			name = LaunchScreen.storyboard;
			sourceTree = "<group>";
		};
/* End PBXVariantGroup section */

/* Begin XCBuildConfiguration section */
		014C636E1C9A49FC00EDA26B /* Debug */ = {
			isa = XCBuildConfiguration;
			buildSettings = {
				ALWAYS_SEARCH_USER_PATHS = NO;
				CLANG_CXX_LANGUAGE_STANDARD = "gnu++0x";
				CLANG_CXX_LIBRARY = "libc++";
				CLANG_ENABLE_MODULES = YES;
				CLANG_ENABLE_OBJC_ARC = YES;
				CLANG_WARN_BOOL_CONVERSION = YES;
				CLANG_WARN_CONSTANT_CONVERSION = YES;
				CLANG_WARN_DIRECT_OBJC_ISA_USAGE = YES_ERROR;
				CLANG_WARN_EMPTY_BODY = YES;
				CLANG_WARN_ENUM_CONVERSION = YES;
				CLANG_WARN_INT_CONVERSION = YES;
				CLANG_WARN_OBJC_ROOT_CLASS = YES_ERROR;
				CLANG_WARN_UNREACHABLE_CODE = YES;
				CLANG_WARN__DUPLICATE_METHOD_MATCH = YES;
				"CODE_SIGN_IDENTITY[sdk=iphoneos*]" = "iPhone Developer";
				COPY_PHASE_STRIP = NO;
				DEBUG_INFORMATION_FORMAT = dwarf;
				ENABLE_STRICT_OBJC_MSGSEND = YES;
				ENABLE_TESTABILITY = YES;
				GCC_C_LANGUAGE_STANDARD = gnu99;
				GCC_DYNAMIC_NO_PIC = NO;
				GCC_NO_COMMON_BLOCKS = YES;
				GCC_OPTIMIZATION_LEVEL = 0;
				GCC_PREPROCESSOR_DEFINITIONS = (
					"DEBUG=1",
					"$(inherited)",
				);
				GCC_WARN_64_TO_32_BIT_CONVERSION = YES;
				GCC_WARN_ABOUT_RETURN_TYPE = YES_ERROR;
				GCC_WARN_UNDECLARED_SELECTOR = YES;
				GCC_WARN_UNINITIALIZED_AUTOS = YES_AGGRESSIVE;
				GCC_WARN_UNUSED_FUNCTION = YES;
				GCC_WARN_UNUSED_VARIABLE = YES;
				IPHONEOS_DEPLOYMENT_TARGET = 9.2;
				MTL_ENABLE_DEBUG_INFO = YES;
				ONLY_ACTIVE_ARCH = YES;
				SDKROOT = iphoneos;
				SWIFT_OPTIMIZATION_LEVEL = "-Onone";
				TARGETED_DEVICE_FAMILY = "1,2";
			};
			name = Debug;
		};
		014C636F1C9A49FC00EDA26B /* Release */ = {
			isa = XCBuildConfiguration;
			buildSettings = {
				ALWAYS_SEARCH_USER_PATHS = NO;
				CLANG_CXX_LANGUAGE_STANDARD = "gnu++0x";
				CLANG_CXX_LIBRARY = "libc++";
				CLANG_ENABLE_MODULES = YES;
				CLANG_ENABLE_OBJC_ARC = YES;
				CLANG_WARN_BOOL_CONVERSION = YES;
				CLANG_WARN_CONSTANT_CONVERSION = YES;
				CLANG_WARN_DIRECT_OBJC_ISA_USAGE = YES_ERROR;
				CLANG_WARN_EMPTY_BODY = YES;
				CLANG_WARN_ENUM_CONVERSION = YES;
				CLANG_WARN_INT_CONVERSION = YES;
				CLANG_WARN_OBJC_ROOT_CLASS = YES_ERROR;
				CLANG_WARN_UNREACHABLE_CODE = YES;
				CLANG_WARN__DUPLICATE_METHOD_MATCH = YES;
				"CODE_SIGN_IDENTITY[sdk=iphoneos*]" = "iPhone Developer";
				COPY_PHASE_STRIP = NO;
				DEBUG_INFORMATION_FORMAT = "dwarf-with-dsym";
				ENABLE_NS_ASSERTIONS = NO;
				ENABLE_STRICT_OBJC_MSGSEND = YES;
				GCC_C_LANGUAGE_STANDARD = gnu99;
				GCC_NO_COMMON_BLOCKS = YES;
				GCC_WARN_64_TO_32_BIT_CONVERSION = YES;
				GCC_WARN_ABOUT_RETURN_TYPE = YES_ERROR;
				GCC_WARN_UNDECLARED_SELECTOR = YES;
				GCC_WARN_UNINITIALIZED_AUTOS = YES_AGGRESSIVE;
				GCC_WARN_UNUSED_FUNCTION = YES;
				GCC_WARN_UNUSED_VARIABLE = YES;
				IPHONEOS_DEPLOYMENT_TARGET = 9.2;
				MTL_ENABLE_DEBUG_INFO = NO;
				SDKROOT = iphoneos;
				TARGETED_DEVICE_FAMILY = "1,2";
				VALIDATE_PRODUCT = YES;
			};
			name = Release;
		};
		014C63711C9A49FC00EDA26B /* Debug */ = {
			isa = XCBuildConfiguration;
			buildSettings = {
				ASSETCATALOG_COMPILER_APPICON_NAME = AppIcon;
				CODE_SIGN_IDENTITY = "iPhone Developer";
				INFOPLIST_FILE = "toe-remote/Info.plist";
				IPHONEOS_DEPLOYMENT_TARGET = 9.2;
				LD_RUNPATH_SEARCH_PATHS = "$(inherited) @executable_path/Frameworks";
				PRODUCT_BUNDLE_IDENTIFIER = "eecs481.toe-remote";
				PRODUCT_NAME = "$(TARGET_NAME)";
			};
			name = Debug;
		};
		014C63721C9A49FC00EDA26B /* Release */ = {
			isa = XCBuildConfiguration;
			buildSettings = {
				ASSETCATALOG_COMPILER_APPICON_NAME = AppIcon;
				CODE_SIGN_IDENTITY = "iPhone Developer";
				INFOPLIST_FILE = "toe-remote/Info.plist";
				IPHONEOS_DEPLOYMENT_TARGET = 9.2;
				LD_RUNPATH_SEARCH_PATHS = "$(inherited) @executable_path/Frameworks";
				PRODUCT_BUNDLE_IDENTIFIER = "eecs481.toe-remote";
				PRODUCT_NAME = "$(TARGET_NAME)";
			};
			name = Release;
		};
		014C63741C9A49FC00EDA26B /* Debug */ = {
			isa = XCBuildConfiguration;
			buildSettings = {
				BUNDLE_LOADER = "$(TEST_HOST)";
				INFOPLIST_FILE = "toe-remoteTests/Info.plist";
				LD_RUNPATH_SEARCH_PATHS = "$(inherited) @executable_path/Frameworks @loader_path/Frameworks";
				PRODUCT_BUNDLE_IDENTIFIER = "eecs481.toe-remoteTests";
				PRODUCT_NAME = "$(TARGET_NAME)";
				TEST_HOST = "$(BUILT_PRODUCTS_DIR)/toe-remote.app/toe-remote";
			};
			name = Debug;
		};
		014C63751C9A49FC00EDA26B /* Release */ = {
			isa = XCBuildConfiguration;
			buildSettings = {
				BUNDLE_LOADER = "$(TEST_HOST)";
				INFOPLIST_FILE = "toe-remoteTests/Info.plist";
				LD_RUNPATH_SEARCH_PATHS = "$(inherited) @executable_path/Frameworks @loader_path/Frameworks";
				PRODUCT_BUNDLE_IDENTIFIER = "eecs481.toe-remoteTests";
				PRODUCT_NAME = "$(TARGET_NAME)";
				TEST_HOST = "$(BUILT_PRODUCTS_DIR)/toe-remote.app/toe-remote";
			};
			name = Release;
		};
		014C63771C9A49FC00EDA26B /* Debug */ = {
			isa = XCBuildConfiguration;
			buildSettings = {
				INFOPLIST_FILE = "toe-remoteUITests/Info.plist";
				LD_RUNPATH_SEARCH_PATHS = "$(inherited) @executable_path/Frameworks @loader_path/Frameworks";
				PRODUCT_BUNDLE_IDENTIFIER = "eecs481.toe-remoteUITests";
				PRODUCT_NAME = "$(TARGET_NAME)";
				TEST_TARGET_NAME = "toe-remote";
				USES_XCTRUNNER = YES;
			};
			name = Debug;
		};
		014C63781C9A49FC00EDA26B /* Release */ = {
			isa = XCBuildConfiguration;
			buildSettings = {
				INFOPLIST_FILE = "toe-remoteUITests/Info.plist";
				LD_RUNPATH_SEARCH_PATHS = "$(inherited) @executable_path/Frameworks @loader_path/Frameworks";
				PRODUCT_BUNDLE_IDENTIFIER = "eecs481.toe-remoteUITests";
				PRODUCT_NAME = "$(TARGET_NAME)";
				TEST_TARGET_NAME = "toe-remote";
				USES_XCTRUNNER = YES;
			};
			name = Release;
		};
/* End XCBuildConfiguration section */

/* Begin XCConfigurationList section */
		014C63431C9A49FB00EDA26B /* Build configuration list for PBXProject "toe-remote" */ = {
			isa = XCConfigurationList;
			buildConfigurations = (
				014C636E1C9A49FC00EDA26B /* Debug */,
				014C636F1C9A49FC00EDA26B /* Release */,
			);
			defaultConfigurationIsVisible = 0;
			defaultConfigurationName = Release;
		};
		014C63701C9A49FC00EDA26B /* Build configuration list for PBXNativeTarget "toe-remote" */ = {
			isa = XCConfigurationList;
			buildConfigurations = (
				014C63711C9A49FC00EDA26B /* Debug */,
				014C63721C9A49FC00EDA26B /* Release */,
			);
			defaultConfigurationIsVisible = 0;
			defaultConfigurationName = Release;
		};
		014C63731C9A49FC00EDA26B /* Build configuration list for PBXNativeTarget "toe-remoteTests" */ = {
			isa = XCConfigurationList;
			buildConfigurations = (
				014C63741C9A49FC00EDA26B /* Debug */,
				014C63751C9A49FC00EDA26B /* Release */,
			);
			defaultConfigurationIsVisible = 0;
			defaultConfigurationName = Release;
		};
		014C63761C9A49FC00EDA26B /* Build configuration list for PBXNativeTarget "toe-remoteUITests" */ = {
			isa = XCConfigurationList;
			buildConfigurations = (
				014C63771C9A49FC00EDA26B /* Debug */,
				014C63781C9A49FC00EDA26B /* Release */,
			);
			defaultConfigurationIsVisible = 0;
			defaultConfigurationName = Release;
		};
/* End XCConfigurationList section */
	};
	rootObject = 014C63401C9A49FB00EDA26B /* Project object */;
}
