// !$*UTF8*$!
{
	archiveVersion = 1;
	classes = {
	};
	objectVersion = 46;
	objects = {

/* Begin PBXBuildFile section */
		010374561C7914930072E604 /* main.m in Sources */ = {isa = PBXBuildFile; fileRef = 010374551C7914930072E604 /* main.m */; };
		010374591C7914930072E604 /* AppDelegate.m in Sources */ = {isa = PBXBuildFile; fileRef = 010374581C7914930072E604 /* AppDelegate.m */; };
		010374611C7914930072E604 /* Assets.xcassets in Resources */ = {isa = PBXBuildFile; fileRef = 010374601C7914930072E604 /* Assets.xcassets */; };
		010374641C7914930072E604 /* LaunchScreen.storyboard in Resources */ = {isa = PBXBuildFile; fileRef = 010374621C7914930072E604 /* LaunchScreen.storyboard */; };
		0103746F1C7914930072E604 /* toe_remoteTests.m in Sources */ = {isa = PBXBuildFile; fileRef = 0103746E1C7914930072E604 /* toe_remoteTests.m */; };
		0103747A1C7914930072E604 /* toe_remoteUITests.m in Sources */ = {isa = PBXBuildFile; fileRef = 010374791C7914930072E604 /* toe_remoteUITests.m */; };
		0103748C1C7918450072E604 /* MainViewController.m in Sources */ = {isa = PBXBuildFile; fileRef = 0103748B1C7918450072E604 /* MainViewController.m */; };
		011A12B41C79499C0015540B /* BLE.m in Sources */ = {isa = PBXBuildFile; fileRef = 011A12B31C79499C0015540B /* BLE.m */; };
/* End PBXBuildFile section */

/* Begin PBXContainerItemProxy section */
		0103746B1C7914930072E604 /* PBXContainerItemProxy */ = {
			isa = PBXContainerItemProxy;
			containerPortal = 010374491C7914930072E604 /* Project object */;
			proxyType = 1;
			remoteGlobalIDString = 010374501C7914930072E604;
			remoteInfo = "toe-remote";
		};
		010374761C7914930072E604 /* PBXContainerItemProxy */ = {
			isa = PBXContainerItemProxy;
			containerPortal = 010374491C7914930072E604 /* Project object */;
			proxyType = 1;
			remoteGlobalIDString = 010374501C7914930072E604;
			remoteInfo = "toe-remote";
		};
/* End PBXContainerItemProxy section */

/* Begin PBXFileReference section */
		010374511C7914930072E604 /* toe-remote.app */ = {isa = PBXFileReference; explicitFileType = wrapper.application; includeInIndex = 0; path = "toe-remote.app"; sourceTree = BUILT_PRODUCTS_DIR; };
		010374551C7914930072E604 /* main.m */ = {isa = PBXFileReference; lastKnownFileType = sourcecode.c.objc; path = main.m; sourceTree = "<group>"; };
		010374571C7914930072E604 /* AppDelegate.h */ = {isa = PBXFileReference; lastKnownFileType = sourcecode.c.h; path = AppDelegate.h; sourceTree = "<group>"; };
		010374581C7914930072E604 /* AppDelegate.m */ = {isa = PBXFileReference; lastKnownFileType = sourcecode.c.objc; path = AppDelegate.m; sourceTree = "<group>"; };
		010374601C7914930072E604 /* Assets.xcassets */ = {isa = PBXFileReference; lastKnownFileType = folder.assetcatalog; path = Assets.xcassets; sourceTree = "<group>"; };
		010374631C7914930072E604 /* Base */ = {isa = PBXFileReference; lastKnownFileType = file.storyboard; name = Base; path = Base.lproj/LaunchScreen.storyboard; sourceTree = "<group>"; };
		010374651C7914930072E604 /* Info.plist */ = {isa = PBXFileReference; lastKnownFileType = text.plist.xml; path = Info.plist; sourceTree = "<group>"; };
		0103746A1C7914930072E604 /* toe-remoteTests.xctest */ = {isa = PBXFileReference; explicitFileType = wrapper.cfbundle; includeInIndex = 0; path = "toe-remoteTests.xctest"; sourceTree = BUILT_PRODUCTS_DIR; };
		0103746E1C7914930072E604 /* toe_remoteTests.m */ = {isa = PBXFileReference; lastKnownFileType = sourcecode.c.objc; path = toe_remoteTests.m; sourceTree = "<group>"; };
		010374701C7914930072E604 /* Info.plist */ = {isa = PBXFileReference; lastKnownFileType = text.plist.xml; path = Info.plist; sourceTree = "<group>"; };
		010374751C7914930072E604 /* toe-remoteUITests.xctest */ = {isa = PBXFileReference; explicitFileType = wrapper.cfbundle; includeInIndex = 0; path = "toe-remoteUITests.xctest"; sourceTree = BUILT_PRODUCTS_DIR; };
		010374791C7914930072E604 /* toe_remoteUITests.m */ = {isa = PBXFileReference; lastKnownFileType = sourcecode.c.objc; path = toe_remoteUITests.m; sourceTree = "<group>"; };
		0103747B1C7914930072E604 /* Info.plist */ = {isa = PBXFileReference; lastKnownFileType = text.plist.xml; path = Info.plist; sourceTree = "<group>"; };
		0103748A1C7918450072E604 /* MainViewController.h */ = {isa = PBXFileReference; fileEncoding = 4; lastKnownFileType = sourcecode.c.h; name = MainViewController.h; path = ../MainViewController.h; sourceTree = "<group>"; };
		0103748B1C7918450072E604 /* MainViewController.m */ = {isa = PBXFileReference; fileEncoding = 4; lastKnownFileType = sourcecode.c.objc; name = MainViewController.m; path = ../MainViewController.m; sourceTree = "<group>"; };
		011A12B21C79499C0015540B /* BLE.h */ = {isa = PBXFileReference; fileEncoding = 4; lastKnownFileType = sourcecode.c.h; name = BLE.h; path = ../BLE/BLE.h; sourceTree = "<group>"; };
		011A12B31C79499C0015540B /* BLE.m */ = {isa = PBXFileReference; fileEncoding = 4; lastKnownFileType = sourcecode.c.objc; name = BLE.m; path = ../BLE/BLE.m; sourceTree = "<group>"; };
/* End PBXFileReference section */

/* Begin PBXFrameworksBuildPhase section */
		0103744E1C7914930072E604 /* Frameworks */ = {
			isa = PBXFrameworksBuildPhase;
			buildActionMask = 2147483647;
			files = (
			);
			runOnlyForDeploymentPostprocessing = 0;
		};
		010374671C7914930072E604 /* Frameworks */ = {
			isa = PBXFrameworksBuildPhase;
			buildActionMask = 2147483647;
			files = (
			);
			runOnlyForDeploymentPostprocessing = 0;
		};
		010374721C7914930072E604 /* Frameworks */ = {
			isa = PBXFrameworksBuildPhase;
			buildActionMask = 2147483647;
			files = (
			);
			runOnlyForDeploymentPostprocessing = 0;
		};
/* End PBXFrameworksBuildPhase section */

/* Begin PBXGroup section */
		010374481C7914930072E604 = {
			isa = PBXGroup;
			children = (
				010374531C7914930072E604 /* toe-remote */,
				0103746D1C7914930072E604 /* toe-remoteTests */,
				010374781C7914930072E604 /* toe-remoteUITests */,
				010374521C7914930072E604 /* Products */,
			);
			sourceTree = "<group>";
		};
		010374521C7914930072E604 /* Products */ = {
			isa = PBXGroup;
			children = (
				010374511C7914930072E604 /* toe-remote.app */,
				0103746A1C7914930072E604 /* toe-remoteTests.xctest */,
				010374751C7914930072E604 /* toe-remoteUITests.xctest */,
			);
			name = Products;
			sourceTree = "<group>";
		};
		010374531C7914930072E604 /* toe-remote */ = {
			isa = PBXGroup;
			children = (
				010374571C7914930072E604 /* AppDelegate.h */,
				010374581C7914930072E604 /* AppDelegate.m */,
				0103748A1C7918450072E604 /* MainViewController.h */,
				0103748B1C7918450072E604 /* MainViewController.m */,
				010374601C7914930072E604 /* Assets.xcassets */,
				010374621C7914930072E604 /* LaunchScreen.storyboard */,
				010374651C7914930072E604 /* Info.plist */,
				010374541C7914930072E604 /* Supporting Files */,
			);
			path = "toe-remote";
			sourceTree = "<group>";
		};
		010374541C7914930072E604 /* Supporting Files */ = {
			isa = PBXGroup;
			children = (
				011A12B21C79499C0015540B /* BLE.h */,
				011A12B31C79499C0015540B /* BLE.m */,
				010374551C7914930072E604 /* main.m */,
			);
			name = "Supporting Files";
			sourceTree = "<group>";
		};
		0103746D1C7914930072E604 /* toe-remoteTests */ = {
			isa = PBXGroup;
			children = (
				0103746E1C7914930072E604 /* toe_remoteTests.m */,
				010374701C7914930072E604 /* Info.plist */,
			);
			path = "toe-remoteTests";
			sourceTree = "<group>";
		};
		010374781C7914930072E604 /* toe-remoteUITests */ = {
			isa = PBXGroup;
			children = (
				010374791C7914930072E604 /* toe_remoteUITests.m */,
				0103747B1C7914930072E604 /* Info.plist */,
			);
			path = "toe-remoteUITests";
			sourceTree = "<group>";
		};
/* End PBXGroup section */

/* Begin PBXNativeTarget section */
		010374501C7914930072E604 /* toe-remote */ = {
			isa = PBXNativeTarget;
			buildConfigurationList = 0103747E1C7914930072E604 /* Build configuration list for PBXNativeTarget "toe-remote" */;
			buildPhases = (
				0103744D1C7914930072E604 /* Sources */,
				0103744E1C7914930072E604 /* Frameworks */,
				0103744F1C7914930072E604 /* Resources */,
			);
			buildRules = (
			);
			dependencies = (
			);
			name = "toe-remote";
			productName = "toe-remote";
			productReference = 010374511C7914930072E604 /* toe-remote.app */;
			productType = "com.apple.product-type.application";
		};
		010374691C7914930072E604 /* toe-remoteTests */ = {
			isa = PBXNativeTarget;
			buildConfigurationList = 010374811C7914930072E604 /* Build configuration list for PBXNativeTarget "toe-remoteTests" */;
			buildPhases = (
				010374661C7914930072E604 /* Sources */,
				010374671C7914930072E604 /* Frameworks */,
				010374681C7914930072E604 /* Resources */,
			);
			buildRules = (
			);
			dependencies = (
				0103746C1C7914930072E604 /* PBXTargetDependency */,
			);
			name = "toe-remoteTests";
			productName = "toe-remoteTests";
			productReference = 0103746A1C7914930072E604 /* toe-remoteTests.xctest */;
			productType = "com.apple.product-type.bundle.unit-test";
		};
		010374741C7914930072E604 /* toe-remoteUITests */ = {
			isa = PBXNativeTarget;
			buildConfigurationList = 010374841C7914930072E604 /* Build configuration list for PBXNativeTarget "toe-remoteUITests" */;
			buildPhases = (
				010374711C7914930072E604 /* Sources */,
				010374721C7914930072E604 /* Frameworks */,
				010374731C7914930072E604 /* Resources */,
			);
			buildRules = (
			);
			dependencies = (
				010374771C7914930072E604 /* PBXTargetDependency */,
			);
			name = "toe-remoteUITests";
			productName = "toe-remoteUITests";
			productReference = 010374751C7914930072E604 /* toe-remoteUITests.xctest */;
			productType = "com.apple.product-type.bundle.ui-testing";
		};
/* End PBXNativeTarget section */

/* Begin PBXProject section */
		010374491C7914930072E604 /* Project object */ = {
			isa = PBXProject;
			attributes = {
				LastUpgradeCheck = 0720;
				ORGANIZATIONNAME = eecs481;
				TargetAttributes = {
					010374501C7914930072E604 = {
						CreatedOnToolsVersion = 7.2;
						DevelopmentTeam = PN4LD8V83J;
					};
					010374691C7914930072E604 = {
						CreatedOnToolsVersion = 7.2;
						TestTargetID = 010374501C7914930072E604;
					};
					010374741C7914930072E604 = {
						CreatedOnToolsVersion = 7.2;
						TestTargetID = 010374501C7914930072E604;
					};
				};
			};
			buildConfigurationList = 0103744C1C7914930072E604 /* Build configuration list for PBXProject "toe-remote" */;
			compatibilityVersion = "Xcode 3.2";
			developmentRegion = English;
			hasScannedForEncodings = 0;
			knownRegions = (
				en,
				Base,
			);
			mainGroup = 010374481C7914930072E604;
			productRefGroup = 010374521C7914930072E604 /* Products */;
			projectDirPath = "";
			projectRoot = "";
			targets = (
				010374501C7914930072E604 /* toe-remote */,
				010374691C7914930072E604 /* toe-remoteTests */,
				010374741C7914930072E604 /* toe-remoteUITests */,
			);
		};
/* End PBXProject section */

/* Begin PBXResourcesBuildPhase section */
		0103744F1C7914930072E604 /* Resources */ = {
			isa = PBXResourcesBuildPhase;
			buildActionMask = 2147483647;
			files = (
				010374641C7914930072E604 /* LaunchScreen.storyboard in Resources */,
				010374611C7914930072E604 /* Assets.xcassets in Resources */,
			);
			runOnlyForDeploymentPostprocessing = 0;
		};
		010374681C7914930072E604 /* Resources */ = {
			isa = PBXResourcesBuildPhase;
			buildActionMask = 2147483647;
			files = (
			);
			runOnlyForDeploymentPostprocessing = 0;
		};
		010374731C7914930072E604 /* Resources */ = {
			isa = PBXResourcesBuildPhase;
			buildActionMask = 2147483647;
			files = (
			);
			runOnlyForDeploymentPostprocessing = 0;
		};
/* End PBXResourcesBuildPhase section */

/* Begin PBXSourcesBuildPhase section */
		0103744D1C7914930072E604 /* Sources */ = {
			isa = PBXSourcesBuildPhase;
			buildActionMask = 2147483647;
			files = (
				010374591C7914930072E604 /* AppDelegate.m in Sources */,
				0103748C1C7918450072E604 /* MainViewController.m in Sources */,
				010374561C7914930072E604 /* main.m in Sources */,
				011A12B41C79499C0015540B /* BLE.m in Sources */,
			);
			runOnlyForDeploymentPostprocessing = 0;
		};
		010374661C7914930072E604 /* Sources */ = {
			isa = PBXSourcesBuildPhase;
			buildActionMask = 2147483647;
			files = (
				0103746F1C7914930072E604 /* toe_remoteTests.m in Sources */,
			);
			runOnlyForDeploymentPostprocessing = 0;
		};
		010374711C7914930072E604 /* Sources */ = {
			isa = PBXSourcesBuildPhase;
			buildActionMask = 2147483647;
			files = (
				0103747A1C7914930072E604 /* toe_remoteUITests.m in Sources */,
			);
			runOnlyForDeploymentPostprocessing = 0;
		};
/* End PBXSourcesBuildPhase section */

/* Begin PBXTargetDependency section */
		0103746C1C7914930072E604 /* PBXTargetDependency */ = {
			isa = PBXTargetDependency;
			target = 010374501C7914930072E604 /* toe-remote */;
			targetProxy = 0103746B1C7914930072E604 /* PBXContainerItemProxy */;
		};
		010374771C7914930072E604 /* PBXTargetDependency */ = {
			isa = PBXTargetDependency;
			target = 010374501C7914930072E604 /* toe-remote */;
			targetProxy = 010374761C7914930072E604 /* PBXContainerItemProxy */;
		};
/* End PBXTargetDependency section */

/* Begin PBXVariantGroup section */
		010374621C7914930072E604 /* LaunchScreen.storyboard */ = {
			isa = PBXVariantGroup;
			children = (
				010374631C7914930072E604 /* Base */,
			);
			name = LaunchScreen.storyboard;
			sourceTree = "<group>";
		};
/* End PBXVariantGroup section */

/* Begin XCBuildConfiguration section */
		0103747C1C7914930072E604 /* Debug */ = {
			isa = XCBuildConfiguration;
			buildSettings = {
				ALWAYS_SEARCH_USER_PATHS = NO;
				CLANG_CXX_LANGUAGE_STANDARD = "gnu++0x";
				CLANG_CXX_LIBRARY = "libc++";
				CLANG_ENABLE_MODULES = YES;
				CLANG_ENABLE_OBJC_ARC = YES;
				CLANG_WARN_BOOL_CONVERSION = YES;
				CLANG_WARN_CONSTANT_CONVERSION = YES;
				CLANG_WARN_DIRECT_OBJC_ISA_USAGE = YES_ERROR;
				CLANG_WARN_EMPTY_BODY = YES;
				CLANG_WARN_ENUM_CONVERSION = YES;
				CLANG_WARN_INT_CONVERSION = YES;
				CLANG_WARN_OBJC_ROOT_CLASS = YES_ERROR;
				CLANG_WARN_UNREACHABLE_CODE = YES;
				CLANG_WARN__DUPLICATE_METHOD_MATCH = YES;
				"CODE_SIGN_IDENTITY[sdk=iphoneos*]" = "iPhone Developer";
				COPY_PHASE_STRIP = NO;
				DEBUG_INFORMATION_FORMAT = dwarf;
				ENABLE_STRICT_OBJC_MSGSEND = YES;
				ENABLE_TESTABILITY = YES;
				GCC_C_LANGUAGE_STANDARD = gnu99;
				GCC_DYNAMIC_NO_PIC = NO;
				GCC_NO_COMMON_BLOCKS = YES;
				GCC_OPTIMIZATION_LEVEL = 0;
				GCC_PREPROCESSOR_DEFINITIONS = (
					"DEBUG=1",
					"$(inherited)",
				);
				GCC_WARN_64_TO_32_BIT_CONVERSION = YES;
				GCC_WARN_ABOUT_RETURN_TYPE = YES_ERROR;
				GCC_WARN_UNDECLARED_SELECTOR = YES;
				GCC_WARN_UNINITIALIZED_AUTOS = YES_AGGRESSIVE;
				GCC_WARN_UNUSED_FUNCTION = YES;
				GCC_WARN_UNUSED_VARIABLE = YES;
				IPHONEOS_DEPLOYMENT_TARGET = 9.2;
				MTL_ENABLE_DEBUG_INFO = YES;
				ONLY_ACTIVE_ARCH = YES;
				SDKROOT = iphoneos;
				TARGETED_DEVICE_FAMILY = "1,2";
			};
			name = Debug;
		};
		0103747D1C7914930072E604 /* Release */ = {
			isa = XCBuildConfiguration;
			buildSettings = {
				ALWAYS_SEARCH_USER_PATHS = NO;
				CLANG_CXX_LANGUAGE_STANDARD = "gnu++0x";
				CLANG_CXX_LIBRARY = "libc++";
				CLANG_ENABLE_MODULES = YES;
				CLANG_ENABLE_OBJC_ARC = YES;
				CLANG_WARN_BOOL_CONVERSION = YES;
				CLANG_WARN_CONSTANT_CONVERSION = YES;
				CLANG_WARN_DIRECT_OBJC_ISA_USAGE = YES_ERROR;
				CLANG_WARN_EMPTY_BODY = YES;
				CLANG_WARN_ENUM_CONVERSION = YES;
				CLANG_WARN_INT_CONVERSION = YES;
				CLANG_WARN_OBJC_ROOT_CLASS = YES_ERROR;
				CLANG_WARN_UNREACHABLE_CODE = YES;
				CLANG_WARN__DUPLICATE_METHOD_MATCH = YES;
				"CODE_SIGN_IDENTITY[sdk=iphoneos*]" = "iPhone Developer";
				COPY_PHASE_STRIP = NO;
				DEBUG_INFORMATION_FORMAT = "dwarf-with-dsym";
				ENABLE_NS_ASSERTIONS = NO;
				ENABLE_STRICT_OBJC_MSGSEND = YES;
				GCC_C_LANGUAGE_STANDARD = gnu99;
				GCC_NO_COMMON_BLOCKS = YES;
				GCC_WARN_64_TO_32_BIT_CONVERSION = YES;
				GCC_WARN_ABOUT_RETURN_TYPE = YES_ERROR;
				GCC_WARN_UNDECLARED_SELECTOR = YES;
				GCC_WARN_UNINITIALIZED_AUTOS = YES_AGGRESSIVE;
				GCC_WARN_UNUSED_FUNCTION = YES;
				GCC_WARN_UNUSED_VARIABLE = YES;
				IPHONEOS_DEPLOYMENT_TARGET = 9.2;
				MTL_ENABLE_DEBUG_INFO = NO;
				SDKROOT = iphoneos;
				TARGETED_DEVICE_FAMILY = "1,2";
				VALIDATE_PRODUCT = YES;
			};
			name = Release;
		};
		0103747F1C7914930072E604 /* Debug */ = {
			isa = XCBuildConfiguration;
			buildSettings = {
				ASSETCATALOG_COMPILER_APPICON_NAME = AppIcon;
				CODE_SIGN_IDENTITY = "iPhone Developer";
				"CODE_SIGN_IDENTITY[sdk=iphoneos*]" = "iPhone Developer";
				INFOPLIST_FILE = "toe-remote/Info.plist";
				LD_RUNPATH_SEARCH_PATHS = "$(inherited) @executable_path/Frameworks";
				PRODUCT_BUNDLE_IDENTIFIER = "eecs481.toe-remote";
				PRODUCT_NAME = "$(TARGET_NAME)";
				PROVISIONING_PROFILE = "";
			};
			name = Debug;
		};
		010374801C7914930072E604 /* Release */ = {
			isa = XCBuildConfiguration;
			buildSettings = {
				ASSETCATALOG_COMPILER_APPICON_NAME = AppIcon;
				CODE_SIGN_IDENTITY = "iPhone Developer";
				"CODE_SIGN_IDENTITY[sdk=iphoneos*]" = "iPhone Developer";
				INFOPLIST_FILE = "toe-remote/Info.plist";
				LD_RUNPATH_SEARCH_PATHS = "$(inherited) @executable_path/Frameworks";
				PRODUCT_BUNDLE_IDENTIFIER = "eecs481.toe-remote";
				PRODUCT_NAME = "$(TARGET_NAME)";
				PROVISIONING_PROFILE = "";
			};
			name = Release;
		};
		010374821C7914930072E604 /* Debug */ = {
			isa = XCBuildConfiguration;
			buildSettings = {
				BUNDLE_LOADER = "$(TEST_HOST)";
				INFOPLIST_FILE = "toe-remoteTests/Info.plist";
				LD_RUNPATH_SEARCH_PATHS = "$(inherited) @executable_path/Frameworks @loader_path/Frameworks";
				PRODUCT_BUNDLE_IDENTIFIER = "eecs481.toe-remoteTests";
				PRODUCT_NAME = "$(TARGET_NAME)";
				TEST_HOST = "$(BUILT_PRODUCTS_DIR)/toe-remote.app/toe-remote";
			};
			name = Debug;
		};
		010374831C7914930072E604 /* Release */ = {
			isa = XCBuildConfiguration;
			buildSettings = {
				BUNDLE_LOADER = "$(TEST_HOST)";
				INFOPLIST_FILE = "toe-remoteTests/Info.plist";
				LD_RUNPATH_SEARCH_PATHS = "$(inherited) @executable_path/Frameworks @loader_path/Frameworks";
				PRODUCT_BUNDLE_IDENTIFIER = "eecs481.toe-remoteTests";
				PRODUCT_NAME = "$(TARGET_NAME)";
				TEST_HOST = "$(BUILT_PRODUCTS_DIR)/toe-remote.app/toe-remote";
			};
			name = Release;
		};
		010374851C7914930072E604 /* Debug */ = {
			isa = XCBuildConfiguration;
			buildSettings = {
				INFOPLIST_FILE = "toe-remoteUITests/Info.plist";
				LD_RUNPATH_SEARCH_PATHS = "$(inherited) @executable_path/Frameworks @loader_path/Frameworks";
				PRODUCT_BUNDLE_IDENTIFIER = "eecs481.toe-remoteUITests";
				PRODUCT_NAME = "$(TARGET_NAME)";
				TEST_TARGET_NAME = "toe-remote";
				USES_XCTRUNNER = YES;
			};
			name = Debug;
		};
		010374861C7914930072E604 /* Release */ = {
			isa = XCBuildConfiguration;
			buildSettings = {
				INFOPLIST_FILE = "toe-remoteUITests/Info.plist";
				LD_RUNPATH_SEARCH_PATHS = "$(inherited) @executable_path/Frameworks @loader_path/Frameworks";
				PRODUCT_BUNDLE_IDENTIFIER = "eecs481.toe-remoteUITests";
				PRODUCT_NAME = "$(TARGET_NAME)";
				TEST_TARGET_NAME = "toe-remote";
				USES_XCTRUNNER = YES;
			};
			name = Release;
		};
/* End XCBuildConfiguration section */

/* Begin XCConfigurationList section */
		0103744C1C7914930072E604 /* Build configuration list for PBXProject "toe-remote" */ = {
			isa = XCConfigurationList;
			buildConfigurations = (
				0103747C1C7914930072E604 /* Debug */,
				0103747D1C7914930072E604 /* Release */,
			);
			defaultConfigurationIsVisible = 0;
			defaultConfigurationName = Release;
		};
		0103747E1C7914930072E604 /* Build configuration list for PBXNativeTarget "toe-remote" */ = {
			isa = XCConfigurationList;
			buildConfigurations = (
				0103747F1C7914930072E604 /* Debug */,
				010374801C7914930072E604 /* Release */,
			);
			defaultConfigurationIsVisible = 0;
			defaultConfigurationName = Release;
		};
		010374811C7914930072E604 /* Build configuration list for PBXNativeTarget "toe-remoteTests" */ = {
			isa = XCConfigurationList;
			buildConfigurations = (
				010374821C7914930072E604 /* Debug */,
				010374831C7914930072E604 /* Release */,
			);
			defaultConfigurationIsVisible = 0;
			defaultConfigurationName = Release;
		};
		010374841C7914930072E604 /* Build configuration list for PBXNativeTarget "toe-remoteUITests" */ = {
			isa = XCConfigurationList;
			buildConfigurations = (
				010374851C7914930072E604 /* Debug */,
				010374861C7914930072E604 /* Release */,
			);
			defaultConfigurationIsVisible = 0;
			defaultConfigurationName = Release;
		};
/* End XCConfigurationList section */
	};
	rootObject = 010374491C7914930072E604 /* Project object */;
}
